{
  "nodes": {
    "dagger": {
      "inputs": {
        "nixpkgs": [
          "nixpkgs"
        ]
      },
      "locked": {
        "lastModified": 1729457257,
        "narHash": "sha256-UCuWoY+T0fT2lT0/EusCDVVMidzeAzh9JpYyD2bTkqA=",
        "owner": "dagger",
        "repo": "nix",
        "rev": "fddec739bab363dd03b0bbd1e7d36c285508666c",
        "type": "github"
      },
      "original": {
        "owner": "dagger",
        "repo": "nix",
        "type": "github"
      }
    },
    "home-manager": {
      "inputs": {
        "nixpkgs": [
          "nixpkgs"
        ]
      },
      "locked": {
        "lastModified": 1729551526,
        "narHash": "sha256-7LAGY32Xl14OVQp3y6M43/0AtHYYvV6pdyBcp3eoz0s=",
        "owner": "nix-community",
        "repo": "home-manager",
        "rev": "5ec753a1fc4454df9285d8b3ec0809234defb975",
        "type": "github"
      },
      "original": {
        "owner": "nix-community",
        "repo": "home-manager",
        "type": "github"
      }
    },
    "nixpkgs": {
      "locked": {
        "lastModified": 1729658218,
        "narHash": "sha256-9Rg+AqLqvqqJniP/OQB3GtgXoAd8IlazsHp97va042Y=",
        "owner": "nixos",
        "repo": "nixpkgs",
        "rev": "dfffb2e7a52d29a0ef8e21ec8a0f30487b227f1a",
        "type": "github"
      },
      "original": {
        "owner": "nixos",
        "ref": "nixpkgs-unstable",
        "repo": "nixpkgs",
        "type": "github"
      }
    },
    "root": {
      "inputs": {
        "dagger": "dagger",
        "home-manager": "home-manager",
        "nixpkgs": "nixpkgs"
      }
    }
  },
  "root": "root",
  "version": 7
}
