{
  "nodes": {
    "home-manager": {
      "inputs": {
        "nixpkgs": [
          "nixpkgs"
        ]
      },
      "locked": {
        "lastModified": 1685108129,
        "narHash": "sha256-6Jv6LxrLfaueHj095oBUKBk++eW4Ya0qfHwhQVQqyoo=",
        "owner": "nix-community",
        "repo": "home-manager",
        "rev": "bec196cd9b5f34213c7dc90ef2a524336df70e30",
        "type": "github"
      },
      "original": {
        "owner": "nix-community",
        "repo": "home-manager",
        "type": "github"
      }
    },
    "nix-index-database": {
      "inputs": {
        "nixpkgs": [
          "nixpkgs"
        ]
      },
      "locked": {
        "lastModified": 1683638468,
        "narHash": "sha256-tQEaGZfZ2Hpw+XIVEHaJ8FaF1yNQyMDDhUyIQ7LTIEg=",
        "owner": "Mic92",
        "repo": "nix-index-database",
        "rev": "219067a5e3cf4b9581c8b4fcfc59ecd5af953d07",
        "type": "github"
      },
      "original": {
        "owner": "Mic92",
        "repo": "nix-index-database",
        "type": "github"
      }
    },
    "nixpkgs": {
      "locked": {
        "lastModified": 1684973047,
        "narHash": "sha256-ZLnSr35L6C49pCZS9fZCCqkIKNAeQzykov2QfosNG9w=",
        "owner": "nixos",
        "repo": "nixpkgs",
        "rev": "21eb6c6ba74dcbe3ea5926ee46287300fb066630",
        "type": "github"
      },
      "original": {
        "owner": "nixos",
        "ref": "nixpkgs-unstable",
        "repo": "nixpkgs",
        "type": "github"
      }
    },
    "root": {
      "inputs": {
        "home-manager": "home-manager",
        "nix-index-database": "nix-index-database",
        "nixpkgs": "nixpkgs"
      }
    }
  },
  "root": "root",
  "version": 7
}
